
Microsoft Visual Studio Solution File, Format Version 12.00
# Visual Studio Version 17
VisualStudioVersion = 17.3.32901.215
MinimumVisualStudioVersion = 10.0.40219.1
Project("{FAE04EC0-301F-11D3-BF4B-00C04F79EFBC}") = "TicTacToe(original)", "TicTacToe(original).csproj", "{3E4C7451-DB94-43E6-955F-0FB4A479A3EC}"
EndProject
Global
	GlobalSection(SolutionConfigurationPlatforms) = preSolution
		Debug|Any CPU = Debug|Any CPU
		Release|Any CPU = Release|Any CPU
	EndGlobalSection
	GlobalSection(ProjectConfigurationPlatforms) = postSolution
		{3E4C7451-DB94-43E6-955F-0FB4A479A3EC}.Debug|Any CPU.ActiveCfg = Debug|Any CPU
		{3E4C7451-DB94-43E6-955F-0FB4A479A3EC}.Debug|Any CPU.Build.0 = Debug|Any CPU
		{3E4C7451-DB94-43E6-955F-0FB4A479A3EC}.Release|Any CPU.ActiveCfg = Release|Any CPU
		{3E4C7451-DB94-43E6-955F-0FB4A479A3EC}.Release|Any CPU.Build.0 = Release|Any CPU
	EndGlobalSection
	GlobalSection(SolutionProperties) = preSolution
		HideSolutionNode = FALSE
	EndGlobalSection
	GlobalSection(ExtensibilityGlobals) = postSolution
		SolutionGuid = {3502ED1E-2FC8-4B70-9971-DF55FD10D8F8}
	EndGlobalSection
EndGlobal
